# Generated by pub
# See https://dart.dev/tools/pub/glossary#lockfile
packages:
  characters:
    dependency: transitive
    description:
      name: characters
      url: "https://pub.dartlang.org"
    source: hosted
    version: "1.1.0-nullsafety.3"
  collection:
    dependency: transitive
    description:
      name: collection
      url: "https://pub.dartlang.org"
    source: hosted
    version: "1.15.0-nullsafety.3"
  custom_plugin_platform_interface:
    dependency: "direct main"
    description:
      path: plugins-packages-plugin_platform_interface
      ref: main
      resolved-ref: e56019f05b73c4ae8802f86777eb909b150e7dc2
      url: "https://github.com/Ahmed3mad/webview_upgrade"
    source: git
    version: "2.1.0"
  flutter:
    dependency: "direct main"
    description: flutter
    source: sdk
    version: "0.0.0"
  meta:
    dependency: transitive
    description:
      name: meta
      url: "https://pub.dartlang.org"
    source: hosted
    version: "1.3.0-nullsafety.3"
  sky_engine:
    dependency: transitive
    description: flutter
    source: sdk
    version: "0.0.99"
  typed_data:
    dependency: transitive
    description:
      name: typed_data
      url: "https://pub.dartlang.org"
    source: hosted
    version: "1.3.0-nullsafety.3"
  vector_math:
    dependency: transitive
    description:
      name: vector_math
      url: "https://pub.dartlang.org"
    source: hosted
    version: "2.1.0-nullsafety.3"
  webview_flutter_android:
    dependency: "direct main"
    description:
      path: packages-packages-webview_flutter-webview_flutter_android
      ref: main
      resolved-ref: e56019f05b73c4ae8802f86777eb909b150e7dc2
      url: "https://github.com/Ahmed3mad/webview_upgrade"
    source: git
    version: "3.3.1"
  webview_flutter_platform_interface:
    dependency: "direct main"
    description:
      path: packages-packages-webview_flutter-webview_flutter_platform_interface
      ref: main
      resolved-ref: e56019f05b73c4ae8802f86777eb909b150e7dc2
      url: "https://github.com/Ahmed3mad/webview_upgrade"
    source: git
    version: "2.0.2"
  webview_flutter_wkwebview:
    dependency: "direct main"
    description:
      path: packages-packages-webview_flutter-webview_flutter_wkwebview
      ref: main
      resolved-ref: e56019f05b73c4ae8802f86777eb909b150e7dc2
      url: "https://github.com/Ahmed3mad/webview_upgrade"
    source: git
    version: "3.1.1"
sdks:
  dart: ">=2.10.0-110 <2.11.0"
